
Microsoft Visual Studio Solution File, Format Version 12.00
# Visual Studio Version 17
VisualStudioVersion = 17.9.34723.18
MinimumVisualStudioVersion = 10.0.40219.1
Project("{9A19103F-16F7-4668-BE54-9A1E7A4F7556}") = "AdventureWorksService", "AdventureWorksService.csproj", "{0441861B-61F3-4A66-8C18-F89A92DA7743}"
EndProject
Project("{FAE04EC0-301F-11D3-BF4B-00C04F79EFBC}") = "ReservationClient", "..\ReservationClient\ReservationClient.csproj", "{9CA1AD4D-A277-492C-AD84-4D8C972616C2}"
EndProject
Global
	GlobalSection(SolutionConfigurationPlatforms) = preSolution
		Debug|Any CPU = Debug|Any CPU
		Release|Any CPU = Release|Any CPU
	EndGlobalSection
	GlobalSection(ProjectConfigurationPlatforms) = postSolution
		{0441861B-61F3-4A66-8C18-F89A92DA7743}.Debug|Any CPU.ActiveCfg = Debug|Any CPU
		{0441861B-61F3-4A66-8C18-F89A92DA7743}.Debug|Any CPU.Build.0 = Debug|Any CPU
		{0441861B-61F3-4A66-8C18-F89A92DA7743}.Release|Any CPU.ActiveCfg = Release|Any CPU
		{0441861B-61F3-4A66-8C18-F89A92DA7743}.Release|Any CPU.Build.0 = Release|Any CPU
		{9CA1AD4D-A277-492C-AD84-4D8C972616C2}.Debug|Any CPU.ActiveCfg = Debug|Any CPU
		{9CA1AD4D-A277-492C-AD84-4D8C972616C2}.Debug|Any CPU.Build.0 = Debug|Any CPU
		{9CA1AD4D-A277-492C-AD84-4D8C972616C2}.Release|Any CPU.ActiveCfg = Release|Any CPU
		{9CA1AD4D-A277-492C-AD84-4D8C972616C2}.Release|Any CPU.Build.0 = Release|Any CPU
	EndGlobalSection
	GlobalSection(SolutionProperties) = preSolution
		HideSolutionNode = FALSE
	EndGlobalSection
	GlobalSection(ExtensibilityGlobals) = postSolution
		SolutionGuid = {694C9990-E406-4F9E-9CFA-F3A49CB3A8BA}
	EndGlobalSection
EndGlobal
